
Microsoft Visual Studio Solution File, Format Version 12.00
# Visual Studio Version 16
VisualStudioVersion = 16.0.30406.217
MinimumVisualStudioVersion = 10.0.40219.1
Project("{FAE04EC0-301F-11D3-BF4B-00C04F79EFBC}") = "XinyuyanApp.Core", "XinyuyanApp.Core\XinyuyanApp.Core.csproj", "{C5A9E9C7-38A1-4B1C-AA0D-B35B9BD6AC82}"
EndProject
Global
	GlobalSection(SolutionConfigurationPlatforms) = preSolution
		Debug|Any CPU = Debug|Any CPU
		Release|Any CPU = Release|Any CPU
	EndGlobalSection
	GlobalSection(ProjectConfigurationPlatforms) = postSolution
		{C5A9E9C7-38A1-4B1C-AA0D-B35B9BD6AC82}.Debug|Any CPU.ActiveCfg = Debug|Any CPU
		{C5A9E9C7-38A1-4B1C-AA0D-B35B9BD6AC82}.Debug|Any CPU.Build.0 = Debug|Any CPU
		{C5A9E9C7-38A1-4B1C-AA0D-B35B9BD6AC82}.Release|Any CPU.ActiveCfg = Release|Any CPU
		{C5A9E9C7-38A1-4B1C-AA0D-B35B9BD6AC82}.Release|Any CPU.Build.0 = Release|Any CPU
	EndGlobalSection
	GlobalSection(SolutionProperties) = preSolution
		HideSolutionNode = FALSE
	EndGlobalSection
	GlobalSection(ExtensibilityGlobals) = postSolution
		SolutionGuid = {22E8CE12-76F2-4DA2-A832-47E6F14F77E3}
	EndGlobalSection
EndGlobal
